{
  "requires": true,
  "lockfileVersion": 1,
  "dependencies": {
    "@angular/cdk": {
      "version": "6.0.0",
      "resolved": "https://registry.npmjs.org/@angular/cdk/-/cdk-6.0.0.tgz",
      "integrity": "sha512-GVWUwmKWJPkK4gJTi0tgaLDs5QlRvkozIs6KnrsozkPUNDIsZyQCyEUB+llHiUB9AeDGcCDbpQyGIDLdya5khQ==",
      "requires": {
        "tslib": "1.9.0"
      }
    },
    "@angular/material": {
      "version": "6.0.0",
      "resolved": "https://registry.npmjs.org/@angular/material/-/material-6.0.0.tgz",
      "integrity": "sha512-g6P6yg2Gmn+LJKO+KxRnH5FL1D/dApwb/vloA9UTEzddhHoUB5JdRhlE78yQTwmtrP/cCJJih6ssZkWKRAqEbg==",
      "requires": {
        "tslib": "1.9.0"
      }
    },
    "hammerjs": {
      "version": "2.0.8",
      "resolved": "https://registry.npmjs.org/hammerjs/-/hammerjs-2.0.8.tgz",
      "integrity": "sha1-BO93hiz/K7edMPdpIJWTAiK/YPE="
    },
    "tslib": {
      "version": "1.9.0",
      "resolved": "https://registry.npmjs.org/tslib/-/tslib-1.9.0.tgz",
      "integrity": "sha512-f/qGG2tUkrISBlQZEjEqoZ3B2+npJjIf04H1wuAv9iA8i04Icp+61KRXxFdha22670NJopsZCIjhC3SnjPRKrQ=="
    }
  }
}
